
Microsoft Visual Studio Solution File, Format Version 12.00
# Visual Studio Version 16
VisualStudioVersion = 16.0.30128.74
MinimumVisualStudioVersion = 10.0.40219.1
Project("{FAE04EC0-301F-11D3-BF4B-00C04F79EFBC}") = "LocationVehicule", "LocationVehicule\LocationVehicule.csproj", "{82508955-BA08-4B54-876A-E7E5B374E90B}"
EndProject
Global
	GlobalSection(SolutionConfigurationPlatforms) = preSolution
		Debug|Any CPU = Debug|Any CPU
		Release|Any CPU = Release|Any CPU
	EndGlobalSection
	GlobalSection(ProjectConfigurationPlatforms) = postSolution
		{82508955-BA08-4B54-876A-E7E5B374E90B}.Debug|Any CPU.ActiveCfg = Debug|Any CPU
		{82508955-BA08-4B54-876A-E7E5B374E90B}.Debug|Any CPU.Build.0 = Debug|Any CPU
		{82508955-BA08-4B54-876A-E7E5B374E90B}.Release|Any CPU.ActiveCfg = Release|Any CPU
		{82508955-BA08-4B54-876A-E7E5B374E90B}.Release|Any CPU.Build.0 = Release|Any CPU
	EndGlobalSection
	GlobalSection(SolutionProperties) = preSolution
		HideSolutionNode = FALSE
	EndGlobalSection
	GlobalSection(ExtensibilityGlobals) = postSolution
		SolutionGuid = {EA77E132-7B2A-4A16-A8E7-CB9E1EBFF43F}
	EndGlobalSection
EndGlobal
